{
  "name": "framer_sync",
  "version": "1.0.0",
  "lockfileVersion": 3,
  "requires": true,
  "packages": {
    "": {
      "name": "framer_sync",
      "version": "1.0.0",
      "license": "ISC",
      "dependencies": {
        "framer-api": "^5.0.0"
      }
    },
    "node_modules/csstype": {
      "version": "3.2.3",
      "resolved": "https://registry.npmjs.org/csstype/-/csstype-3.2.3.tgz",
      "integrity": "sha512-z1HGKcYy2xA8AGQfwrn0PAy+PB7X/GSj3UVJW9qKyn43xWa+gl5nXmU4qqLMRzWVLFC8KusUX8T/0kCiOYpAIQ==",
      "license": "MIT",
      "peer": true
    },
    "node_modules/devalue": {
      "version": "5.9.2",
      "resolved": "https://registry.npmjs.org/devalue/-/devalue-5.9.2.tgz",
      "integrity": "sha512-po4PAY5c53tw5XMocSnf8A/5OHhbbUftpr93aEN6BBoAdntUmK7vu7wOATqvt7cXO7m1Cl4gMVn6p7n6n4mj0w==",
      "license": "MIT"
    },
    "node_modules/framer-api": {
      "version": "5.0.0",
      "resolved": "https://registry.npmjs.org/framer-api/-/framer-api-5.0.0.tgz",
      "integrity": "sha512-fArpiJ29xpCpi9q70e+aZbn9t2S23QfE4B0eLURFQMZ0EDa8Nu1c523+usAiZA+IRMgvixz/3lwYc2XOY8G+dw==",
      "license": "MIT",
      "dependencies": {
        "devalue": "^5.8.1",
        "std-env": "^4.0.0"
      },
      "engines": {
        "node": ">=22"
      },
      "peerDependencies": {
        "csstype": "^3.1.1"
      }
    },
    "node_modules/std-env": {
      "version": "4.2.0",
      "resolved": "https://registry.npmjs.org/std-env/-/std-env-4.2.0.tgz",
      "integrity": "sha512-oCUKSupKTHX53EyjDtuZQ64pjLJ6yYCtpmEw0goYxtjG9KpbRe8KAsl2tBUGU9DyMcJ0RwJ8GqJAFzMXcXW1Rw==",
      "license": "MIT"
    }
  }
}
